
Microsoft Visual Studio Solution File, Format Version 12.00
# Visual Studio Version 17
VisualStudioVersion = 17.9.34728.123
MinimumVisualStudioVersion = 10.0.40219.1
Project("{FAE04EC0-301F-11D3-BF4B-00C04F79EFBC}") = "MHDotNetCore.ConsoleApp", "DotNetTrainingBatch4.ConsoleApp\MHDotNetCore.ConsoleApp.csproj", "{E760B09F-F57C-4B51-9C37-A16E08E11377}"
EndProject
Project("{2150E333-8FDC-42A3-9474-1A3956D46DE8}") = "Documents", "Documents", "{C9AD633D-556B-4A28-BA72-4CFFDBE819C7}"
	ProjectSection(SolutionItems) = preProject
		README.md = README.md
	EndProjectSection
EndProject
Global
	GlobalSection(SolutionConfigurationPlatforms) = preSolution
		Debug|Any CPU = Debug|Any CPU
		Release|Any CPU = Release|Any CPU
	EndGlobalSection
	GlobalSection(ProjectConfigurationPlatforms) = postSolution
		{E760B09F-F57C-4B51-9C37-A16E08E11377}.Debug|Any CPU.ActiveCfg = Debug|Any CPU
		{E760B09F-F57C-4B51-9C37-A16E08E11377}.Debug|Any CPU.Build.0 = Debug|Any CPU
		{E760B09F-F57C-4B51-9C37-A16E08E11377}.Release|Any CPU.ActiveCfg = Release|Any CPU
		{E760B09F-F57C-4B51-9C37-A16E08E11377}.Release|Any CPU.Build.0 = Release|Any CPU
	EndGlobalSection
	GlobalSection(SolutionProperties) = preSolution
		HideSolutionNode = FALSE
	EndGlobalSection
	GlobalSection(ExtensibilityGlobals) = postSolution
		SolutionGuid = {8B9F99F6-909D-4FD2-A0EC-845339D46FA2}
	EndGlobalSection
EndGlobal
